
Microsoft Visual Studio Solution File, Format Version 12.00
# Visual Studio 14
VisualStudioVersion = 14.0.25420.1
MinimumVisualStudioVersion = 10.0.40219.1
Project("{2150E333-8FDC-42A3-9474-1A3956D46DE8}") = "src", "src", "{A88EB211-3C0A-4D8D-857F-60E57F4D91F8}"
EndProject
Project("{2150E333-8FDC-42A3-9474-1A3956D46DE8}") = "Solution Items", "Solution Items", "{B553B660-E8F6-4042-BEF0-78F8C2F4065C}"
	ProjectSection(SolutionItems) = preProject
		global.json = global.json
	EndProjectSection
EndProject
Project("{8BB2217D-0F2D-49D1-97BC-3654ED321F3B}") = "folke.co", "src\folke.co\folke.co.xproj", "{D864AABB-6803-40DE-ABAB-27DC7DA198E8}"
EndProject
Global
	GlobalSection(SolutionConfigurationPlatforms) = preSolution
		Debug|Any CPU = Debug|Any CPU
		Release|Any CPU = Release|Any CPU
	EndGlobalSection
	GlobalSection(ProjectConfigurationPlatforms) = postSolution
		{D864AABB-6803-40DE-ABAB-27DC7DA198E8}.Debug|Any CPU.ActiveCfg = Debug|Any CPU
		{D864AABB-6803-40DE-ABAB-27DC7DA198E8}.Debug|Any CPU.Build.0 = Debug|Any CPU
		{D864AABB-6803-40DE-ABAB-27DC7DA198E8}.Release|Any CPU.ActiveCfg = Release|Any CPU
		{D864AABB-6803-40DE-ABAB-27DC7DA198E8}.Release|Any CPU.Build.0 = Release|Any CPU
	EndGlobalSection
	GlobalSection(SolutionProperties) = preSolution
		HideSolutionNode = FALSE
	EndGlobalSection
	GlobalSection(NestedProjects) = preSolution
		{D864AABB-6803-40DE-ABAB-27DC7DA198E8} = {A88EB211-3C0A-4D8D-857F-60E57F4D91F8}
	EndGlobalSection
EndGlobal
